
Microsoft Visual Studio Solution File, Format Version 12.00
# Visual Studio Version 17
VisualStudioVersion = 17.10.35122.118
MinimumVisualStudioVersion = 10.0.40219.1
Project("{FAE04EC0-301F-11D3-BF4B-00C04F79EFBC}") = "C_Sharp_Assignment4", "C_Sharp_Assignment4.csproj", "{CE03801F-A7F4-4192-9A1B-32FB573D7746}"
EndProject
Global
	GlobalSection(SolutionConfigurationPlatforms) = preSolution
		Debug|Any CPU = Debug|Any CPU
		Release|Any CPU = Release|Any CPU
	EndGlobalSection
	GlobalSection(ProjectConfigurationPlatforms) = postSolution
		{CE03801F-A7F4-4192-9A1B-32FB573D7746}.Debug|Any CPU.ActiveCfg = Debug|Any CPU
		{CE03801F-A7F4-4192-9A1B-32FB573D7746}.Debug|Any CPU.Build.0 = Debug|Any CPU
		{CE03801F-A7F4-4192-9A1B-32FB573D7746}.Release|Any CPU.ActiveCfg = Release|Any CPU
		{CE03801F-A7F4-4192-9A1B-32FB573D7746}.Release|Any CPU.Build.0 = Release|Any CPU
	EndGlobalSection
	GlobalSection(SolutionProperties) = preSolution
		HideSolutionNode = FALSE
	EndGlobalSection
	GlobalSection(ExtensibilityGlobals) = postSolution
		SolutionGuid = {8CEBB6D4-7889-4402-AD42-8D209FEEBA40}
	EndGlobalSection
EndGlobal
